
Microsoft Visual Studio Solution File, Format Version 12.00
# Visual Studio Version 17
VisualStudioVersion = 17.9.34622.214
MinimumVisualStudioVersion = 10.0.40219.1
Project("{FAE04EC0-301F-11D3-BF4B-00C04F79EFBC}") = "AnotherCameraMod", "AnotherCameraMod\AnotherCameraMod.csproj", "{A49197C8-3DDD-4667-AA3D-1913E2E69E03}"
EndProject
Global
	GlobalSection(SolutionConfigurationPlatforms) = preSolution
		Debug|Any CPU = Debug|Any CPU
		Release|Any CPU = Release|Any CPU
	EndGlobalSection
	GlobalSection(ProjectConfigurationPlatforms) = postSolution
		{A49197C8-3DDD-4667-AA3D-1913E2E69E03}.Debug|Any CPU.ActiveCfg = Debug|Any CPU
		{A49197C8-3DDD-4667-AA3D-1913E2E69E03}.Debug|Any CPU.Build.0 = Debug|Any CPU
		{A49197C8-3DDD-4667-AA3D-1913E2E69E03}.Release|Any CPU.ActiveCfg = Release|Any CPU
		{A49197C8-3DDD-4667-AA3D-1913E2E69E03}.Release|Any CPU.Build.0 = Release|Any CPU
	EndGlobalSection
	GlobalSection(SolutionProperties) = preSolution
		HideSolutionNode = FALSE
	EndGlobalSection
	GlobalSection(ExtensibilityGlobals) = postSolution
		SolutionGuid = {ECCBAC0C-32D6-4D3C-BC8F-A95AB8BF0776}
	EndGlobalSection
EndGlobal
